# generated by rye
# use `rye lock` or `rye sync` to update this lockfile
#
# last locked with the following flags:
#   pre: false
#   features: []
#   all-features: false
#   with-sources: false
#   generate-hashes: false
#   universal: false

-e file:.
aiohappyeyeballs==2.4.4
    # via aiohttp
aiohttp==3.11.11
    # via datasets
    # via fsspec
aiosignal==1.3.2
    # via aiohttp
appnope==0.1.4
    # via ipykernel
asttokens==3.0.0
    # via stack-data
async-timeout==5.0.1
    # via aiohttp
attrs==24.3.0
    # via aiohttp
certifi==2024.12.14
    # via requests
charset-normalizer==3.4.0
    # via requests
comm==0.2.2
    # via ipykernel
    # via ipywidgets
datasets==3.2.0
    # via multilingual-gemma
debugpy==1.8.11
    # via ipykernel
decorator==5.1.1
    # via ipython
dill==0.3.8
    # via datasets
    # via multiprocess
exceptiongroup==1.2.2
    # via ipython
executing==2.1.0
    # via stack-data
filelock==3.16.1
    # via datasets
    # via huggingface-hub
frozenlist==1.5.0
    # via aiohttp
    # via aiosignal
fsspec==2024.9.0
    # via datasets
    # via huggingface-hub
huggingface-hub==0.27.0
    # via datasets
idna==3.10
    # via requests
    # via yarl
ipykernel==6.29.5
    # via multilingual-gemma
ipython==8.31.0
    # via ipykernel
    # via ipywidgets
ipywidgets==8.1.5
    # via multilingual-gemma
jedi==0.19.2
    # via ipython
jupyter-client==8.6.3
    # via ipykernel
jupyter-core==5.7.2
    # via ipykernel
    # via jupyter-client
jupyterlab-widgets==3.0.13
    # via ipywidgets
lingua-language-detector==2.0.2
    # via multilingual-gemma
matplotlib-inline==0.1.7
    # via ipykernel
    # via ipython
multidict==6.1.0
    # via aiohttp
    # via yarl
multiprocess==0.70.16
    # via datasets
nest-asyncio==1.6.0
    # via ipykernel
numpy==2.2.1
    # via datasets
    # via pandas
packaging==24.2
    # via datasets
    # via huggingface-hub
    # via ipykernel
pandas==2.2.3
    # via datasets
parso==0.8.4
    # via jedi
pexpect==4.9.0
    # via ipython
pip==24.3.1
    # via multilingual-gemma
platformdirs==4.3.6
    # via jupyter-core
prompt-toolkit==3.0.48
    # via ipython
propcache==0.2.1
    # via aiohttp
    # via yarl
psutil==6.1.1
    # via ipykernel
ptyprocess==0.7.0
    # via pexpect
pure-eval==0.2.3
    # via stack-data
pyarrow==18.1.0
    # via datasets
pygments==2.18.0
    # via ipython
python-dateutil==2.9.0.post0
    # via jupyter-client
    # via pandas
pytz==2024.2
    # via pandas
pyyaml==6.0.2
    # via datasets
    # via huggingface-hub
pyzmq==26.2.0
    # via ipykernel
    # via jupyter-client
requests==2.32.3
    # via datasets
    # via huggingface-hub
    # via multilingual-gemma
six==1.17.0
    # via python-dateutil
stack-data==0.6.3
    # via ipython
tornado==6.4.2
    # via ipykernel
    # via jupyter-client
tqdm==4.67.1
    # via datasets
    # via huggingface-hub
traitlets==5.14.3
    # via comm
    # via ipykernel
    # via ipython
    # via ipywidgets
    # via jupyter-client
    # via jupyter-core
    # via matplotlib-inline
typing-extensions==4.12.2
    # via huggingface-hub
    # via ipython
    # via multidict
tzdata==2024.2
    # via pandas
urllib3==2.3.0
    # via requests
wcwidth==0.2.13
    # via prompt-toolkit
widgetsnbextension==4.0.13
    # via ipywidgets
xxhash==3.5.0
    # via datasets
yarl==1.18.3
    # via aiohttp
